
Microsoft Visual Studio Solution File, Format Version 12.00
# Visual Studio Version 17
VisualStudioVersion = 17.1.32414.318
MinimumVisualStudioVersion = 10.0.40219.1
Project("{FAE04EC0-301F-11D3-BF4B-00C04F79EFBC}") = "BookStore.API", "BookStore.API\BookStore.API.csproj", "{C6633F11-02EA-4F2E-928A-D47F02E63ADE}"
EndProject
Global
	GlobalSection(SolutionConfigurationPlatforms) = preSolution
		Debug|Any CPU = Debug|Any CPU
		Release|Any CPU = Release|Any CPU
	EndGlobalSection
	GlobalSection(ProjectConfigurationPlatforms) = postSolution
		{C6633F11-02EA-4F2E-928A-D47F02E63ADE}.Debug|Any CPU.ActiveCfg = Debug|Any CPU
		{C6633F11-02EA-4F2E-928A-D47F02E63ADE}.Debug|Any CPU.Build.0 = Debug|Any CPU
		{C6633F11-02EA-4F2E-928A-D47F02E63ADE}.Release|Any CPU.ActiveCfg = Release|Any CPU
		{C6633F11-02EA-4F2E-928A-D47F02E63ADE}.Release|Any CPU.Build.0 = Release|Any CPU
	EndGlobalSection
	GlobalSection(SolutionProperties) = preSolution
		HideSolutionNode = FALSE
	EndGlobalSection
	GlobalSection(ExtensibilityGlobals) = postSolution
		SolutionGuid = {C0900D9D-857D-44F4-82E6-3D96752F5E79}
	EndGlobalSection
EndGlobal
